
Microsoft Visual Studio Solution File, Format Version 12.00
# Visual Studio Version 16
VisualStudioVersion = 16.0.29306.81
MinimumVisualStudioVersion = 10.0.40219.1
Project("{FAE04EC0-301F-11D3-BF4B-00C04F79EFBC}") = "WebApplicationApi", "WebApplicationApi\WebApplicationApi.csproj", "{3DD391C1-E0ED-4DF4-A605-2CB0A2C6CC6F}"
EndProject
Global
	GlobalSection(SolutionConfigurationPlatforms) = preSolution
		Debug|Any CPU = Debug|Any CPU
		Release|Any CPU = Release|Any CPU
	EndGlobalSection
	GlobalSection(ProjectConfigurationPlatforms) = postSolution
		{3DD391C1-E0ED-4DF4-A605-2CB0A2C6CC6F}.Debug|Any CPU.ActiveCfg = Debug|Any CPU
		{3DD391C1-E0ED-4DF4-A605-2CB0A2C6CC6F}.Debug|Any CPU.Build.0 = Debug|Any CPU
		{3DD391C1-E0ED-4DF4-A605-2CB0A2C6CC6F}.Release|Any CPU.ActiveCfg = Release|Any CPU
		{3DD391C1-E0ED-4DF4-A605-2CB0A2C6CC6F}.Release|Any CPU.Build.0 = Release|Any CPU
	EndGlobalSection
	GlobalSection(SolutionProperties) = preSolution
		HideSolutionNode = FALSE
	EndGlobalSection
	GlobalSection(ExtensibilityGlobals) = postSolution
		SolutionGuid = {1BF2C804-A96E-4DAB-BEC7-3D11CFE1E82A}
	EndGlobalSection
EndGlobal
